
Microsoft Visual Studio Solution File, Format Version 12.00
# Visual Studio 15
VisualStudioVersion = 15.0.28307.852
MinimumVisualStudioVersion = 10.0.40219.1
Project("{FAE04EC0-301F-11D3-BF4B-00C04F79EFBC}") = "5", "5\5.csproj", "{3A473345-5429-4859-84E0-46AE91BA3354}"
EndProject
Global
	GlobalSection(SolutionConfigurationPlatforms) = preSolution
		Debug|Any CPU = Debug|Any CPU
		Release|Any CPU = Release|Any CPU
	EndGlobalSection
	GlobalSection(ProjectConfigurationPlatforms) = postSolution
		{3A473345-5429-4859-84E0-46AE91BA3354}.Debug|Any CPU.ActiveCfg = Debug|Any CPU
		{3A473345-5429-4859-84E0-46AE91BA3354}.Debug|Any CPU.Build.0 = Debug|Any CPU
		{3A473345-5429-4859-84E0-46AE91BA3354}.Release|Any CPU.ActiveCfg = Release|Any CPU
		{3A473345-5429-4859-84E0-46AE91BA3354}.Release|Any CPU.Build.0 = Release|Any CPU
	EndGlobalSection
	GlobalSection(SolutionProperties) = preSolution
		HideSolutionNode = FALSE
	EndGlobalSection
	GlobalSection(ExtensibilityGlobals) = postSolution
		SolutionGuid = {8CDE8965-1FEE-4D34-9444-AE3F9946BB34}
	EndGlobalSection
EndGlobal
